
Microsoft Visual Studio Solution File, Format Version 11.00
# Visual Studio 2010
Project("{FAE04EC0-301F-11D3-BF4B-00C04F79EFBC}") = "LastFmNet", "LastFmNet\LastFmNet.csproj", "{03C469AA-398C-4E86-B3A1-73EF79F691BF}"
EndProject
Global
	GlobalSection(SolutionConfigurationPlatforms) = preSolution
		Debug|Any CPU = Debug|Any CPU
		Release|Any CPU = Release|Any CPU
	EndGlobalSection
	GlobalSection(ProjectConfigurationPlatforms) = postSolution
		{03C469AA-398C-4E86-B3A1-73EF79F691BF}.Debug|Any CPU.ActiveCfg = Debug|Any CPU
		{03C469AA-398C-4E86-B3A1-73EF79F691BF}.Debug|Any CPU.Build.0 = Debug|Any CPU
		{03C469AA-398C-4E86-B3A1-73EF79F691BF}.Release|Any CPU.ActiveCfg = Release|Any CPU
		{03C469AA-398C-4E86-B3A1-73EF79F691BF}.Release|Any CPU.Build.0 = Release|Any CPU
	EndGlobalSection
	GlobalSection(SolutionProperties) = preSolution
		HideSolutionNode = FALSE
	EndGlobalSection
EndGlobal
